
Microsoft Visual Studio Solution File, Format Version 12.00
# Visual Studio 2012
Project("{FAE04EC0-301F-11D3-BF4B-00C04F79EFBC}") = "AddressOf", "AddressOf\AddressOf.csproj", "{53D2DC5C-CC72-4F02-B538-3033AD8FD536}"
EndProject
Project("{FAE04EC0-301F-11D3-BF4B-00C04F79EFBC}") = "CommandParser.UnitTests", "CommandParser.UnitTests\CommandParser.UnitTests.csproj", "{F61D57DE-571E-458F-BEAA-7D2BF019C2CD}"
EndProject
Project("{FAE04EC0-301F-11D3-BF4B-00C04F79EFBC}") = "AddressOf.UnitTests", "AddressOf.UnitTests\AddressOf.UnitTests.csproj", "{AD2FE9EA-C1D4-4DC6-84C7-3D8DA5516E72}"
EndProject
Global
	GlobalSection(SolutionConfigurationPlatforms) = preSolution
		Debug|x86 = Debug|x86
		Release|x86 = Release|x86
	EndGlobalSection
	GlobalSection(ProjectConfigurationPlatforms) = postSolution
		{53D2DC5C-CC72-4F02-B538-3033AD8FD536}.Debug|x86.ActiveCfg = Debug|x86
		{53D2DC5C-CC72-4F02-B538-3033AD8FD536}.Debug|x86.Build.0 = Debug|x86
		{53D2DC5C-CC72-4F02-B538-3033AD8FD536}.Release|x86.ActiveCfg = Release|x86
		{53D2DC5C-CC72-4F02-B538-3033AD8FD536}.Release|x86.Build.0 = Release|x86
		{AD2FE9EA-C1D4-4DC6-84C7-3D8DA5516E72}.Debug|x86.ActiveCfg = Debug|Any CPU
		{AD2FE9EA-C1D4-4DC6-84C7-3D8DA5516E72}.Debug|x86.Build.0 = Debug|Any CPU
		{AD2FE9EA-C1D4-4DC6-84C7-3D8DA5516E72}.Release|x86.ActiveCfg = Release|Any CPU
		{AD2FE9EA-C1D4-4DC6-84C7-3D8DA5516E72}.Release|x86.Build.0 = Release|Any CPU
		{F61D57DE-571E-458F-BEAA-7D2BF019C2CD}.Debug|x86.ActiveCfg = Debug|Any CPU
		{F61D57DE-571E-458F-BEAA-7D2BF019C2CD}.Debug|x86.Build.0 = Debug|Any CPU
		{F61D57DE-571E-458F-BEAA-7D2BF019C2CD}.Release|x86.ActiveCfg = Release|Any CPU
		{F61D57DE-571E-458F-BEAA-7D2BF019C2CD}.Release|x86.Build.0 = Release|Any CPU
	EndGlobalSection
EndGlobal
