
Microsoft Visual Studio Solution File, Format Version 12.00
# Visual Studio 14
VisualStudioVersion = 14.0.25420.1
MinimumVisualStudioVersion = 10.0.40219.1
Project("{FAE04EC0-301F-11D3-BF4B-00C04F79EFBC}") = "TriangleDemo", "TriangleDemo\TriangleDemo.csproj", "{45070203-25C7-4981-A5BA-7DE38958E06C}"
EndProject
Project("{FAE04EC0-301F-11D3-BF4B-00C04F79EFBC}") = "Magnesium.PresentationSurfaces.OpenTK", "..\..\Magnesium.PresentationSurfaces.OpenTK\Magnesium.PresentationSurfaces.OpenTK.csproj", "{0D74BCD6-2669-451F-81FF-488EECC07686}"
EndProject
Project("{FAE04EC0-301F-11D3-BF4B-00C04F79EFBC}") = "Magnesium.Vulkan", "..\..\Magnesium.Vulkan\Magnesium.Vulkan.csproj", "{8EF770D0-2DBC-4A8C-BF5D-DC3D429190F8}"
EndProject
Project("{FAE04EC0-301F-11D3-BF4B-00C04F79EFBC}") = "Magnesium", "..\..\Magnesium\Magnesium.csproj", "{9F9AC448-9D17-43E5-8889-285426290891}"
EndProject
Global
	GlobalSection(SolutionConfigurationPlatforms) = preSolution
		Debug|Any CPU = Debug|Any CPU
		Release|Any CPU = Release|Any CPU
	EndGlobalSection
	GlobalSection(ProjectConfigurationPlatforms) = postSolution
		{45070203-25C7-4981-A5BA-7DE38958E06C}.Debug|Any CPU.ActiveCfg = Debug|Any CPU
		{45070203-25C7-4981-A5BA-7DE38958E06C}.Debug|Any CPU.Build.0 = Debug|Any CPU
		{45070203-25C7-4981-A5BA-7DE38958E06C}.Release|Any CPU.ActiveCfg = Release|Any CPU
		{45070203-25C7-4981-A5BA-7DE38958E06C}.Release|Any CPU.Build.0 = Release|Any CPU
		{0D74BCD6-2669-451F-81FF-488EECC07686}.Debug|Any CPU.ActiveCfg = Debug|Any CPU
		{0D74BCD6-2669-451F-81FF-488EECC07686}.Debug|Any CPU.Build.0 = Debug|Any CPU
		{0D74BCD6-2669-451F-81FF-488EECC07686}.Release|Any CPU.ActiveCfg = Release|Any CPU
		{0D74BCD6-2669-451F-81FF-488EECC07686}.Release|Any CPU.Build.0 = Release|Any CPU
		{8EF770D0-2DBC-4A8C-BF5D-DC3D429190F8}.Debug|Any CPU.ActiveCfg = Debug|Any CPU
		{8EF770D0-2DBC-4A8C-BF5D-DC3D429190F8}.Debug|Any CPU.Build.0 = Debug|Any CPU
		{8EF770D0-2DBC-4A8C-BF5D-DC3D429190F8}.Release|Any CPU.ActiveCfg = Release|Any CPU
		{8EF770D0-2DBC-4A8C-BF5D-DC3D429190F8}.Release|Any CPU.Build.0 = Release|Any CPU
		{9F9AC448-9D17-43E5-8889-285426290891}.Debug|Any CPU.ActiveCfg = Debug|Any CPU
		{9F9AC448-9D17-43E5-8889-285426290891}.Debug|Any CPU.Build.0 = Debug|Any CPU
		{9F9AC448-9D17-43E5-8889-285426290891}.Release|Any CPU.ActiveCfg = Release|Any CPU
		{9F9AC448-9D17-43E5-8889-285426290891}.Release|Any CPU.Build.0 = Release|Any CPU
	EndGlobalSection
	GlobalSection(SolutionProperties) = preSolution
		HideSolutionNode = FALSE
	EndGlobalSection
EndGlobal
