
Microsoft Visual Studio Solution File, Format Version 12.00
# Visual Studio Version 16
VisualStudioVersion = 16.0.29215.179
MinimumVisualStudioVersion = 10.0.40219.1
Project("{FAE04EC0-301F-11D3-BF4B-00C04F79EFBC}") = "TriangleDemo.Vulkan", "TriangleDemo.Vulkan\TriangleDemo.Vulkan.csproj", "{45070203-25C7-4981-A5BA-7DE38958E06C}"
EndProject
Project("{FAE04EC0-301F-11D3-BF4B-00C04F79EFBC}") = "TriangleDemo.DesktopGL", "TriangleDemo.DesktopGL\TriangleDemo.DesktopGL.csproj", "{3177B351-BD6A-46C2-A989-EBD66BA965B5}"
EndProject
Project("{9A19103F-16F7-4668-BE54-9A1E7A4F7556}") = "TriangleDemo.Shared", "TriangleDemo.Shared\TriangleDemo.Shared.csproj", "{43BF23B1-B71E-42F7-93BA-C7133F2FCE9B}"
EndProject
Project("{9A19103F-16F7-4668-BE54-9A1E7A4F7556}") = "Magnesium", "..\..\Magnesium\Magnesium.csproj", "{FDD19A5C-B3FC-4716-9CFC-2D01A4640DA7}"
EndProject
Project("{9A19103F-16F7-4668-BE54-9A1E7A4F7556}") = "Magnesium.Toolkit", "..\..\Magnesium.Toolkit\Magnesium.Toolkit.csproj", "{215B2375-99D0-4F04-8783-A7DA1B2548EC}"
EndProject
Project("{FAE04EC0-301F-11D3-BF4B-00C04F79EFBC}") = "Magnesium.PresentationSurfaces.OpenTK", "..\..\Magnesium.PresentationSurfaces.OpenTK\Magnesium.PresentationSurfaces.OpenTK.csproj", "{8CB19B88-8904-49E8-9C0C-AEDC01679864}"
EndProject
Project("{9A19103F-16F7-4668-BE54-9A1E7A4F7556}") = "Magnesium.OpenGL", "..\..\Magnesium.OpenGL\Magnesium.OpenGL.csproj", "{6DB2E760-2301-474D-92AB-9D30241C7E8D}"
EndProject
Project("{FAE04EC0-301F-11D3-BF4B-00C04F79EFBC}") = "Magnesium.OpenGL.DesktopGL", "..\..\Magnesium.OpenGL.DesktopGL\Magnesium.OpenGL.DesktopGL.csproj", "{156D7F9D-1243-4EDB-9E45-24FAF2F40A4C}"
EndProject
Project("{9A19103F-16F7-4668-BE54-9A1E7A4F7556}") = "Magnesium.Vulkan", "..\..\Magnesium.Vulkan\Magnesium.Vulkan.csproj", "{03A756EB-454F-4C53-AE87-78B9F0103CDC}"
EndProject
Global
	GlobalSection(SolutionConfigurationPlatforms) = preSolution
		Debug|Any CPU = Debug|Any CPU
		Debug|x64 = Debug|x64
		Debug|x86 = Debug|x86
		Release|Any CPU = Release|Any CPU
		Release|x64 = Release|x64
		Release|x86 = Release|x86
	EndGlobalSection
	GlobalSection(ProjectConfigurationPlatforms) = postSolution
		{45070203-25C7-4981-A5BA-7DE38958E06C}.Debug|Any CPU.ActiveCfg = Debug|Any CPU
		{45070203-25C7-4981-A5BA-7DE38958E06C}.Debug|Any CPU.Build.0 = Debug|Any CPU
		{45070203-25C7-4981-A5BA-7DE38958E06C}.Debug|x64.ActiveCfg = Debug|x64
		{45070203-25C7-4981-A5BA-7DE38958E06C}.Debug|x64.Build.0 = Debug|x64
		{45070203-25C7-4981-A5BA-7DE38958E06C}.Debug|x86.ActiveCfg = Debug|x86
		{45070203-25C7-4981-A5BA-7DE38958E06C}.Debug|x86.Build.0 = Debug|x86
		{45070203-25C7-4981-A5BA-7DE38958E06C}.Release|Any CPU.ActiveCfg = Release|Any CPU
		{45070203-25C7-4981-A5BA-7DE38958E06C}.Release|Any CPU.Build.0 = Release|Any CPU
		{45070203-25C7-4981-A5BA-7DE38958E06C}.Release|x64.ActiveCfg = Release|x64
		{45070203-25C7-4981-A5BA-7DE38958E06C}.Release|x64.Build.0 = Release|x64
		{45070203-25C7-4981-A5BA-7DE38958E06C}.Release|x86.ActiveCfg = Release|x86
		{45070203-25C7-4981-A5BA-7DE38958E06C}.Release|x86.Build.0 = Release|x86
		{3177B351-BD6A-46C2-A989-EBD66BA965B5}.Debug|Any CPU.ActiveCfg = Debug|Any CPU
		{3177B351-BD6A-46C2-A989-EBD66BA965B5}.Debug|Any CPU.Build.0 = Debug|Any CPU
		{3177B351-BD6A-46C2-A989-EBD66BA965B5}.Debug|x64.ActiveCfg = Debug|x64
		{3177B351-BD6A-46C2-A989-EBD66BA965B5}.Debug|x64.Build.0 = Debug|x64
		{3177B351-BD6A-46C2-A989-EBD66BA965B5}.Debug|x86.ActiveCfg = Debug|x86
		{3177B351-BD6A-46C2-A989-EBD66BA965B5}.Debug|x86.Build.0 = Debug|x86
		{3177B351-BD6A-46C2-A989-EBD66BA965B5}.Release|Any CPU.ActiveCfg = Release|Any CPU
		{3177B351-BD6A-46C2-A989-EBD66BA965B5}.Release|Any CPU.Build.0 = Release|Any CPU
		{3177B351-BD6A-46C2-A989-EBD66BA965B5}.Release|x64.ActiveCfg = Release|x64
		{3177B351-BD6A-46C2-A989-EBD66BA965B5}.Release|x64.Build.0 = Release|x64
		{3177B351-BD6A-46C2-A989-EBD66BA965B5}.Release|x86.ActiveCfg = Release|x86
		{3177B351-BD6A-46C2-A989-EBD66BA965B5}.Release|x86.Build.0 = Release|x86
		{43BF23B1-B71E-42F7-93BA-C7133F2FCE9B}.Debug|Any CPU.ActiveCfg = Debug|Any CPU
		{43BF23B1-B71E-42F7-93BA-C7133F2FCE9B}.Debug|Any CPU.Build.0 = Debug|Any CPU
		{43BF23B1-B71E-42F7-93BA-C7133F2FCE9B}.Debug|x64.ActiveCfg = Debug|Any CPU
		{43BF23B1-B71E-42F7-93BA-C7133F2FCE9B}.Debug|x64.Build.0 = Debug|Any CPU
		{43BF23B1-B71E-42F7-93BA-C7133F2FCE9B}.Debug|x86.ActiveCfg = Debug|Any CPU
		{43BF23B1-B71E-42F7-93BA-C7133F2FCE9B}.Debug|x86.Build.0 = Debug|Any CPU
		{43BF23B1-B71E-42F7-93BA-C7133F2FCE9B}.Release|Any CPU.ActiveCfg = Release|Any CPU
		{43BF23B1-B71E-42F7-93BA-C7133F2FCE9B}.Release|Any CPU.Build.0 = Release|Any CPU
		{43BF23B1-B71E-42F7-93BA-C7133F2FCE9B}.Release|x64.ActiveCfg = Release|Any CPU
		{43BF23B1-B71E-42F7-93BA-C7133F2FCE9B}.Release|x64.Build.0 = Release|Any CPU
		{43BF23B1-B71E-42F7-93BA-C7133F2FCE9B}.Release|x86.ActiveCfg = Release|Any CPU
		{43BF23B1-B71E-42F7-93BA-C7133F2FCE9B}.Release|x86.Build.0 = Release|Any CPU
		{FDD19A5C-B3FC-4716-9CFC-2D01A4640DA7}.Debug|Any CPU.ActiveCfg = Debug|Any CPU
		{FDD19A5C-B3FC-4716-9CFC-2D01A4640DA7}.Debug|Any CPU.Build.0 = Debug|Any CPU
		{FDD19A5C-B3FC-4716-9CFC-2D01A4640DA7}.Debug|x64.ActiveCfg = Debug|Any CPU
		{FDD19A5C-B3FC-4716-9CFC-2D01A4640DA7}.Debug|x64.Build.0 = Debug|Any CPU
		{FDD19A5C-B3FC-4716-9CFC-2D01A4640DA7}.Debug|x86.ActiveCfg = Debug|Any CPU
		{FDD19A5C-B3FC-4716-9CFC-2D01A4640DA7}.Debug|x86.Build.0 = Debug|Any CPU
		{FDD19A5C-B3FC-4716-9CFC-2D01A4640DA7}.Release|Any CPU.ActiveCfg = Release|Any CPU
		{FDD19A5C-B3FC-4716-9CFC-2D01A4640DA7}.Release|Any CPU.Build.0 = Release|Any CPU
		{FDD19A5C-B3FC-4716-9CFC-2D01A4640DA7}.Release|x64.ActiveCfg = Release|Any CPU
		{FDD19A5C-B3FC-4716-9CFC-2D01A4640DA7}.Release|x64.Build.0 = Release|Any CPU
		{FDD19A5C-B3FC-4716-9CFC-2D01A4640DA7}.Release|x86.ActiveCfg = Release|Any CPU
		{FDD19A5C-B3FC-4716-9CFC-2D01A4640DA7}.Release|x86.Build.0 = Release|Any CPU
		{215B2375-99D0-4F04-8783-A7DA1B2548EC}.Debug|Any CPU.ActiveCfg = Debug|Any CPU
		{215B2375-99D0-4F04-8783-A7DA1B2548EC}.Debug|Any CPU.Build.0 = Debug|Any CPU
		{215B2375-99D0-4F04-8783-A7DA1B2548EC}.Debug|x64.ActiveCfg = Debug|Any CPU
		{215B2375-99D0-4F04-8783-A7DA1B2548EC}.Debug|x64.Build.0 = Debug|Any CPU
		{215B2375-99D0-4F04-8783-A7DA1B2548EC}.Debug|x86.ActiveCfg = Debug|Any CPU
		{215B2375-99D0-4F04-8783-A7DA1B2548EC}.Debug|x86.Build.0 = Debug|Any CPU
		{215B2375-99D0-4F04-8783-A7DA1B2548EC}.Release|Any CPU.ActiveCfg = Release|Any CPU
		{215B2375-99D0-4F04-8783-A7DA1B2548EC}.Release|Any CPU.Build.0 = Release|Any CPU
		{215B2375-99D0-4F04-8783-A7DA1B2548EC}.Release|x64.ActiveCfg = Release|Any CPU
		{215B2375-99D0-4F04-8783-A7DA1B2548EC}.Release|x64.Build.0 = Release|Any CPU
		{215B2375-99D0-4F04-8783-A7DA1B2548EC}.Release|x86.ActiveCfg = Release|Any CPU
		{215B2375-99D0-4F04-8783-A7DA1B2548EC}.Release|x86.Build.0 = Release|Any CPU
		{8CB19B88-8904-49E8-9C0C-AEDC01679864}.Debug|Any CPU.ActiveCfg = Debug|Any CPU
		{8CB19B88-8904-49E8-9C0C-AEDC01679864}.Debug|Any CPU.Build.0 = Debug|Any CPU
		{8CB19B88-8904-49E8-9C0C-AEDC01679864}.Debug|x64.ActiveCfg = Debug|Any CPU
		{8CB19B88-8904-49E8-9C0C-AEDC01679864}.Debug|x64.Build.0 = Debug|Any CPU
		{8CB19B88-8904-49E8-9C0C-AEDC01679864}.Debug|x86.ActiveCfg = Debug|Any CPU
		{8CB19B88-8904-49E8-9C0C-AEDC01679864}.Debug|x86.Build.0 = Debug|Any CPU
		{8CB19B88-8904-49E8-9C0C-AEDC01679864}.Release|Any CPU.ActiveCfg = Release|Any CPU
		{8CB19B88-8904-49E8-9C0C-AEDC01679864}.Release|Any CPU.Build.0 = Release|Any CPU
		{8CB19B88-8904-49E8-9C0C-AEDC01679864}.Release|x64.ActiveCfg = Release|Any CPU
		{8CB19B88-8904-49E8-9C0C-AEDC01679864}.Release|x64.Build.0 = Release|Any CPU
		{8CB19B88-8904-49E8-9C0C-AEDC01679864}.Release|x86.ActiveCfg = Release|Any CPU
		{8CB19B88-8904-49E8-9C0C-AEDC01679864}.Release|x86.Build.0 = Release|Any CPU
		{6DB2E760-2301-474D-92AB-9D30241C7E8D}.Debug|Any CPU.ActiveCfg = Debug|Any CPU
		{6DB2E760-2301-474D-92AB-9D30241C7E8D}.Debug|Any CPU.Build.0 = Debug|Any CPU
		{6DB2E760-2301-474D-92AB-9D30241C7E8D}.Debug|x64.ActiveCfg = Debug|Any CPU
		{6DB2E760-2301-474D-92AB-9D30241C7E8D}.Debug|x64.Build.0 = Debug|Any CPU
		{6DB2E760-2301-474D-92AB-9D30241C7E8D}.Debug|x86.ActiveCfg = Debug|Any CPU
		{6DB2E760-2301-474D-92AB-9D30241C7E8D}.Debug|x86.Build.0 = Debug|Any CPU
		{6DB2E760-2301-474D-92AB-9D30241C7E8D}.Release|Any CPU.ActiveCfg = Release|Any CPU
		{6DB2E760-2301-474D-92AB-9D30241C7E8D}.Release|Any CPU.Build.0 = Release|Any CPU
		{6DB2E760-2301-474D-92AB-9D30241C7E8D}.Release|x64.ActiveCfg = Release|Any CPU
		{6DB2E760-2301-474D-92AB-9D30241C7E8D}.Release|x64.Build.0 = Release|Any CPU
		{6DB2E760-2301-474D-92AB-9D30241C7E8D}.Release|x86.ActiveCfg = Release|Any CPU
		{6DB2E760-2301-474D-92AB-9D30241C7E8D}.Release|x86.Build.0 = Release|Any CPU
		{156D7F9D-1243-4EDB-9E45-24FAF2F40A4C}.Debug|Any CPU.ActiveCfg = Debug|Any CPU
		{156D7F9D-1243-4EDB-9E45-24FAF2F40A4C}.Debug|Any CPU.Build.0 = Debug|Any CPU
		{156D7F9D-1243-4EDB-9E45-24FAF2F40A4C}.Debug|x64.ActiveCfg = Debug|Any CPU
		{156D7F9D-1243-4EDB-9E45-24FAF2F40A4C}.Debug|x64.Build.0 = Debug|Any CPU
		{156D7F9D-1243-4EDB-9E45-24FAF2F40A4C}.Debug|x86.ActiveCfg = Debug|Any CPU
		{156D7F9D-1243-4EDB-9E45-24FAF2F40A4C}.Debug|x86.Build.0 = Debug|Any CPU
		{156D7F9D-1243-4EDB-9E45-24FAF2F40A4C}.Release|Any CPU.ActiveCfg = Release|Any CPU
		{156D7F9D-1243-4EDB-9E45-24FAF2F40A4C}.Release|Any CPU.Build.0 = Release|Any CPU
		{156D7F9D-1243-4EDB-9E45-24FAF2F40A4C}.Release|x64.ActiveCfg = Release|Any CPU
		{156D7F9D-1243-4EDB-9E45-24FAF2F40A4C}.Release|x64.Build.0 = Release|Any CPU
		{156D7F9D-1243-4EDB-9E45-24FAF2F40A4C}.Release|x86.ActiveCfg = Release|Any CPU
		{156D7F9D-1243-4EDB-9E45-24FAF2F40A4C}.Release|x86.Build.0 = Release|Any CPU
		{03A756EB-454F-4C53-AE87-78B9F0103CDC}.Debug|Any CPU.ActiveCfg = Debug|Any CPU
		{03A756EB-454F-4C53-AE87-78B9F0103CDC}.Debug|Any CPU.Build.0 = Debug|Any CPU
		{03A756EB-454F-4C53-AE87-78B9F0103CDC}.Debug|x64.ActiveCfg = Debug|Any CPU
		{03A756EB-454F-4C53-AE87-78B9F0103CDC}.Debug|x64.Build.0 = Debug|Any CPU
		{03A756EB-454F-4C53-AE87-78B9F0103CDC}.Debug|x86.ActiveCfg = Debug|Any CPU
		{03A756EB-454F-4C53-AE87-78B9F0103CDC}.Debug|x86.Build.0 = Debug|Any CPU
		{03A756EB-454F-4C53-AE87-78B9F0103CDC}.Release|Any CPU.ActiveCfg = Release|Any CPU
		{03A756EB-454F-4C53-AE87-78B9F0103CDC}.Release|Any CPU.Build.0 = Release|Any CPU
		{03A756EB-454F-4C53-AE87-78B9F0103CDC}.Release|x64.ActiveCfg = Release|Any CPU
		{03A756EB-454F-4C53-AE87-78B9F0103CDC}.Release|x64.Build.0 = Release|Any CPU
		{03A756EB-454F-4C53-AE87-78B9F0103CDC}.Release|x86.ActiveCfg = Release|Any CPU
		{03A756EB-454F-4C53-AE87-78B9F0103CDC}.Release|x86.Build.0 = Release|Any CPU
	EndGlobalSection
	GlobalSection(SolutionProperties) = preSolution
		HideSolutionNode = FALSE
	EndGlobalSection
	GlobalSection(ExtensibilityGlobals) = postSolution
		SolutionGuid = {06307CBA-F842-46EA-853A-85E86D5CE18F}
	EndGlobalSection
EndGlobal
