
Microsoft Visual Studio Solution File, Format Version 12.00
# Visual Studio 14
VisualStudioVersion = 14.0.25420.1
MinimumVisualStudioVersion = 10.0.40219.1
Project("{FAE04EC0-301F-11D3-BF4B-00C04F79EFBC}") = "Magnesium.OpenGL.GL001.UnitTests", "Magnesium.OpenGL.GL001.UnitTests.csproj", "{5FF2CDAE-BDC7-482F-A15E-488839E7B163}"
EndProject
Project("{FAE04EC0-301F-11D3-BF4B-00C04F79EFBC}") = "Magnesium.OpenGL", "..\..\..\Magnesium.OpenGL\Magnesium.OpenGL.csproj", "{84924A0F-0D4C-4B0C-B16A-4F26DD838AF2}"
EndProject
Project("{FAE04EC0-301F-11D3-BF4B-00C04F79EFBC}") = "Magnesium", "..\..\..\Magnesium\Magnesium.csproj", "{9F9AC448-9D17-43E5-8889-285426290891}"
EndProject
Global
	GlobalSection(SolutionConfigurationPlatforms) = preSolution
		Debug|Any CPU = Debug|Any CPU
		Debug|x64 = Debug|x64
		Debug|x86 = Debug|x86
		Release|Any CPU = Release|Any CPU
		Release|x64 = Release|x64
		Release|x86 = Release|x86
	EndGlobalSection
	GlobalSection(ProjectConfigurationPlatforms) = postSolution
		{5FF2CDAE-BDC7-482F-A15E-488839E7B163}.Debug|Any CPU.ActiveCfg = Debug|Any CPU
		{5FF2CDAE-BDC7-482F-A15E-488839E7B163}.Debug|Any CPU.Build.0 = Debug|Any CPU
		{5FF2CDAE-BDC7-482F-A15E-488839E7B163}.Debug|x64.ActiveCfg = Debug|Any CPU
		{5FF2CDAE-BDC7-482F-A15E-488839E7B163}.Debug|x64.Build.0 = Debug|Any CPU
		{5FF2CDAE-BDC7-482F-A15E-488839E7B163}.Debug|x86.ActiveCfg = Debug|Any CPU
		{5FF2CDAE-BDC7-482F-A15E-488839E7B163}.Debug|x86.Build.0 = Debug|Any CPU
		{5FF2CDAE-BDC7-482F-A15E-488839E7B163}.Release|Any CPU.ActiveCfg = Release|Any CPU
		{5FF2CDAE-BDC7-482F-A15E-488839E7B163}.Release|Any CPU.Build.0 = Release|Any CPU
		{5FF2CDAE-BDC7-482F-A15E-488839E7B163}.Release|x64.ActiveCfg = Release|Any CPU
		{5FF2CDAE-BDC7-482F-A15E-488839E7B163}.Release|x64.Build.0 = Release|Any CPU
		{5FF2CDAE-BDC7-482F-A15E-488839E7B163}.Release|x86.ActiveCfg = Release|Any CPU
		{5FF2CDAE-BDC7-482F-A15E-488839E7B163}.Release|x86.Build.0 = Release|Any CPU
		{84924A0F-0D4C-4B0C-B16A-4F26DD838AF2}.Debug|Any CPU.ActiveCfg = Debug|Any CPU
		{84924A0F-0D4C-4B0C-B16A-4F26DD838AF2}.Debug|Any CPU.Build.0 = Debug|Any CPU
		{84924A0F-0D4C-4B0C-B16A-4F26DD838AF2}.Debug|x64.ActiveCfg = Debug|x64
		{84924A0F-0D4C-4B0C-B16A-4F26DD838AF2}.Debug|x64.Build.0 = Debug|x64
		{84924A0F-0D4C-4B0C-B16A-4F26DD838AF2}.Debug|x86.ActiveCfg = Debug|x86
		{84924A0F-0D4C-4B0C-B16A-4F26DD838AF2}.Debug|x86.Build.0 = Debug|x86
		{84924A0F-0D4C-4B0C-B16A-4F26DD838AF2}.Release|Any CPU.ActiveCfg = Release|Any CPU
		{84924A0F-0D4C-4B0C-B16A-4F26DD838AF2}.Release|Any CPU.Build.0 = Release|Any CPU
		{84924A0F-0D4C-4B0C-B16A-4F26DD838AF2}.Release|x64.ActiveCfg = Release|x64
		{84924A0F-0D4C-4B0C-B16A-4F26DD838AF2}.Release|x64.Build.0 = Release|x64
		{84924A0F-0D4C-4B0C-B16A-4F26DD838AF2}.Release|x86.ActiveCfg = Release|x86
		{84924A0F-0D4C-4B0C-B16A-4F26DD838AF2}.Release|x86.Build.0 = Release|x86
		{9F9AC448-9D17-43E5-8889-285426290891}.Debug|Any CPU.ActiveCfg = Debug|Any CPU
		{9F9AC448-9D17-43E5-8889-285426290891}.Debug|Any CPU.Build.0 = Debug|Any CPU
		{9F9AC448-9D17-43E5-8889-285426290891}.Debug|x64.ActiveCfg = Debug|x64
		{9F9AC448-9D17-43E5-8889-285426290891}.Debug|x64.Build.0 = Debug|x64
		{9F9AC448-9D17-43E5-8889-285426290891}.Debug|x86.ActiveCfg = Debug|x86
		{9F9AC448-9D17-43E5-8889-285426290891}.Debug|x86.Build.0 = Debug|x86
		{9F9AC448-9D17-43E5-8889-285426290891}.Release|Any CPU.ActiveCfg = Release|Any CPU
		{9F9AC448-9D17-43E5-8889-285426290891}.Release|Any CPU.Build.0 = Release|Any CPU
		{9F9AC448-9D17-43E5-8889-285426290891}.Release|x64.ActiveCfg = Release|x64
		{9F9AC448-9D17-43E5-8889-285426290891}.Release|x64.Build.0 = Release|x64
		{9F9AC448-9D17-43E5-8889-285426290891}.Release|x86.ActiveCfg = Release|x86
		{9F9AC448-9D17-43E5-8889-285426290891}.Release|x86.Build.0 = Release|x86
	EndGlobalSection
	GlobalSection(SolutionProperties) = preSolution
		HideSolutionNode = FALSE
	EndGlobalSection
EndGlobal
