
Microsoft Visual Studio Solution File, Format Version 12.00
# Visual Studio 15
VisualStudioVersion = 15.0.26730.16
MinimumVisualStudioVersion = 10.0.40219.1
Project("{FAE04EC0-301F-11D3-BF4B-00C04F79EFBC}") = "Magnesium.Ktx", "Magnesium.Ktx.csproj", "{6C74B420-5DE6-43ED-AB99-18AE19342284}"
EndProject
Global
	GlobalSection(SolutionConfigurationPlatforms) = preSolution
		Debug|Any CPU = Debug|Any CPU
		Release|Any CPU = Release|Any CPU
	EndGlobalSection
	GlobalSection(ProjectConfigurationPlatforms) = postSolution
		{6C74B420-5DE6-43ED-AB99-18AE19342284}.Debug|Any CPU.ActiveCfg = Debug|Any CPU
		{6C74B420-5DE6-43ED-AB99-18AE19342284}.Debug|Any CPU.Build.0 = Debug|Any CPU
		{6C74B420-5DE6-43ED-AB99-18AE19342284}.Release|Any CPU.ActiveCfg = Release|Any CPU
		{6C74B420-5DE6-43ED-AB99-18AE19342284}.Release|Any CPU.Build.0 = Release|Any CPU
	EndGlobalSection
	GlobalSection(SolutionProperties) = preSolution
		HideSolutionNode = FALSE
	EndGlobalSection
	GlobalSection(ExtensibilityGlobals) = postSolution
		SolutionGuid = {30A31760-C7FF-479C-A852-D26CEC54D16B}
	EndGlobalSection
EndGlobal
