
Microsoft Visual Studio Solution File, Format Version 12.00
# Visual Studio Version 16
VisualStudioVersion = 16.0.29215.179
MinimumVisualStudioVersion = 10.0.40219.1
Project("{9A19103F-16F7-4668-BE54-9A1E7A4F7556}") = "Magnesium", "..\..\Magnesium\Magnesium.csproj", "{9F9AC448-9D17-43E5-8889-285426290891}"
EndProject
Project("{9A19103F-16F7-4668-BE54-9A1E7A4F7556}") = "Magnesium.OpenGL", "..\..\Magnesium.OpenGL\Magnesium.OpenGL.csproj", "{84924A0F-0D4C-4B0C-B16A-4F26DD838AF2}"
EndProject
Project("{9A19103F-16F7-4668-BE54-9A1E7A4F7556}") = "Magnesium.Vulkan", "..\..\Magnesium.Vulkan\Magnesium.Vulkan.csproj", "{8EF770D0-2DBC-4A8C-BF5D-DC3D429190F8}"
EndProject
Project("{FAE04EC0-301F-11D3-BF4B-00C04F79EFBC}") = "Magnesium.OpenGL.DesktopGL", "..\..\Magnesium.OpenGL.DesktopGL\Magnesium.OpenGL.DesktopGL.csproj", "{156D7F9D-1243-4EDB-9E45-24FAF2F40A4C}"
EndProject
Project("{FAE04EC0-301F-11D3-BF4B-00C04F79EFBC}") = "Magnesium.PresentationSurfaces.OpenTK", "..\..\Magnesium.PresentationSurfaces.OpenTK\Magnesium.PresentationSurfaces.OpenTK.csproj", "{8CB19B88-8904-49E8-9C0C-AEDC01679864}"
EndProject
Project("{FAE04EC0-301F-11D3-BF4B-00C04F79EFBC}") = "OffscreenDemo.Vulkan", "OffscreenDemo.Vulkan\OffscreenDemo.Vulkan.csproj", "{784707D6-5B32-4D5F-8908-4D1ACEE3F60C}"
EndProject
Project("{9A19103F-16F7-4668-BE54-9A1E7A4F7556}") = "OffscreenDemo.Shared", "OffscreenDemo.Shared\OffscreenDemo.Shared.csproj", "{EB230183-E335-412C-94F1-70ADFB6CEE41}"
EndProject
Project("{FAE04EC0-301F-11D3-BF4B-00C04F79EFBC}") = "OffscreenDemo.Platform.OpenTK", "OffscreenDemo.Windows\OffscreenDemo.Platform.OpenTK.csproj", "{E78E8977-BAFA-47AA-B8DD-BDCD293CEE86}"
EndProject
Project("{FAE04EC0-301F-11D3-BF4B-00C04F79EFBC}") = "OffscreenDemo.DesktopGL", "OffscreenDemo.DesktopGL\OffscreenDemo.DesktopGL.csproj", "{0872BB12-3BEE-4E3D-9697-AE3B023E7707}"
EndProject
Project("{FAE04EC0-301F-11D3-BF4B-00C04F79EFBC}") = "Magnesium.Utilities", "Magnesium.Utilities\Magnesium.Utilities.csproj", "{CB108602-E69B-4FA1-922A-096A4D1F349F}"
EndProject
Project("{FAE04EC0-301F-11D3-BF4B-00C04F79EFBC}") = "SimpleFBO", "SimpleFBO\SimpleFBO.csproj", "{46D17E02-1458-4F25-B36E-3DD5283D5D1B}"
EndProject
Project("{9A19103F-16F7-4668-BE54-9A1E7A4F7556}") = "Magnesium.Toolkit", "..\..\Magnesium.Toolkit\Magnesium.Toolkit.csproj", "{12D2ED89-3E3B-4770-9CD8-4413849F177B}"
EndProject
Global
	GlobalSection(SolutionConfigurationPlatforms) = preSolution
		Debug|Any CPU = Debug|Any CPU
		Debug|x64 = Debug|x64
		Debug|x86 = Debug|x86
		Release|Any CPU = Release|Any CPU
		Release|x64 = Release|x64
		Release|x86 = Release|x86
	EndGlobalSection
	GlobalSection(ProjectConfigurationPlatforms) = postSolution
		{9F9AC448-9D17-43E5-8889-285426290891}.Debug|Any CPU.ActiveCfg = Debug|Any CPU
		{9F9AC448-9D17-43E5-8889-285426290891}.Debug|Any CPU.Build.0 = Debug|Any CPU
		{9F9AC448-9D17-43E5-8889-285426290891}.Debug|x64.ActiveCfg = Debug|Any CPU
		{9F9AC448-9D17-43E5-8889-285426290891}.Debug|x64.Build.0 = Debug|Any CPU
		{9F9AC448-9D17-43E5-8889-285426290891}.Debug|x86.ActiveCfg = Debug|Any CPU
		{9F9AC448-9D17-43E5-8889-285426290891}.Debug|x86.Build.0 = Debug|Any CPU
		{9F9AC448-9D17-43E5-8889-285426290891}.Release|Any CPU.ActiveCfg = Release|Any CPU
		{9F9AC448-9D17-43E5-8889-285426290891}.Release|Any CPU.Build.0 = Release|Any CPU
		{9F9AC448-9D17-43E5-8889-285426290891}.Release|x64.ActiveCfg = Release|Any CPU
		{9F9AC448-9D17-43E5-8889-285426290891}.Release|x64.Build.0 = Release|Any CPU
		{9F9AC448-9D17-43E5-8889-285426290891}.Release|x86.ActiveCfg = Release|Any CPU
		{9F9AC448-9D17-43E5-8889-285426290891}.Release|x86.Build.0 = Release|Any CPU
		{84924A0F-0D4C-4B0C-B16A-4F26DD838AF2}.Debug|Any CPU.ActiveCfg = Debug|Any CPU
		{84924A0F-0D4C-4B0C-B16A-4F26DD838AF2}.Debug|Any CPU.Build.0 = Debug|Any CPU
		{84924A0F-0D4C-4B0C-B16A-4F26DD838AF2}.Debug|x64.ActiveCfg = Debug|Any CPU
		{84924A0F-0D4C-4B0C-B16A-4F26DD838AF2}.Debug|x64.Build.0 = Debug|Any CPU
		{84924A0F-0D4C-4B0C-B16A-4F26DD838AF2}.Debug|x86.ActiveCfg = Debug|Any CPU
		{84924A0F-0D4C-4B0C-B16A-4F26DD838AF2}.Debug|x86.Build.0 = Debug|Any CPU
		{84924A0F-0D4C-4B0C-B16A-4F26DD838AF2}.Release|Any CPU.ActiveCfg = Release|Any CPU
		{84924A0F-0D4C-4B0C-B16A-4F26DD838AF2}.Release|Any CPU.Build.0 = Release|Any CPU
		{84924A0F-0D4C-4B0C-B16A-4F26DD838AF2}.Release|x64.ActiveCfg = Release|Any CPU
		{84924A0F-0D4C-4B0C-B16A-4F26DD838AF2}.Release|x64.Build.0 = Release|Any CPU
		{84924A0F-0D4C-4B0C-B16A-4F26DD838AF2}.Release|x86.ActiveCfg = Release|Any CPU
		{84924A0F-0D4C-4B0C-B16A-4F26DD838AF2}.Release|x86.Build.0 = Release|Any CPU
		{8EF770D0-2DBC-4A8C-BF5D-DC3D429190F8}.Debug|Any CPU.ActiveCfg = Debug|Any CPU
		{8EF770D0-2DBC-4A8C-BF5D-DC3D429190F8}.Debug|Any CPU.Build.0 = Debug|Any CPU
		{8EF770D0-2DBC-4A8C-BF5D-DC3D429190F8}.Debug|x64.ActiveCfg = Debug|Any CPU
		{8EF770D0-2DBC-4A8C-BF5D-DC3D429190F8}.Debug|x64.Build.0 = Debug|Any CPU
		{8EF770D0-2DBC-4A8C-BF5D-DC3D429190F8}.Debug|x86.ActiveCfg = Debug|Any CPU
		{8EF770D0-2DBC-4A8C-BF5D-DC3D429190F8}.Debug|x86.Build.0 = Debug|Any CPU
		{8EF770D0-2DBC-4A8C-BF5D-DC3D429190F8}.Release|Any CPU.ActiveCfg = Release|Any CPU
		{8EF770D0-2DBC-4A8C-BF5D-DC3D429190F8}.Release|Any CPU.Build.0 = Release|Any CPU
		{8EF770D0-2DBC-4A8C-BF5D-DC3D429190F8}.Release|x64.ActiveCfg = Release|Any CPU
		{8EF770D0-2DBC-4A8C-BF5D-DC3D429190F8}.Release|x64.Build.0 = Release|Any CPU
		{8EF770D0-2DBC-4A8C-BF5D-DC3D429190F8}.Release|x86.ActiveCfg = Release|Any CPU
		{8EF770D0-2DBC-4A8C-BF5D-DC3D429190F8}.Release|x86.Build.0 = Release|Any CPU
		{156D7F9D-1243-4EDB-9E45-24FAF2F40A4C}.Debug|Any CPU.ActiveCfg = Debug|Any CPU
		{156D7F9D-1243-4EDB-9E45-24FAF2F40A4C}.Debug|Any CPU.Build.0 = Debug|Any CPU
		{156D7F9D-1243-4EDB-9E45-24FAF2F40A4C}.Debug|x64.ActiveCfg = Debug|Any CPU
		{156D7F9D-1243-4EDB-9E45-24FAF2F40A4C}.Debug|x64.Build.0 = Debug|Any CPU
		{156D7F9D-1243-4EDB-9E45-24FAF2F40A4C}.Debug|x86.ActiveCfg = Debug|Any CPU
		{156D7F9D-1243-4EDB-9E45-24FAF2F40A4C}.Debug|x86.Build.0 = Debug|Any CPU
		{156D7F9D-1243-4EDB-9E45-24FAF2F40A4C}.Release|Any CPU.ActiveCfg = Release|Any CPU
		{156D7F9D-1243-4EDB-9E45-24FAF2F40A4C}.Release|Any CPU.Build.0 = Release|Any CPU
		{156D7F9D-1243-4EDB-9E45-24FAF2F40A4C}.Release|x64.ActiveCfg = Release|Any CPU
		{156D7F9D-1243-4EDB-9E45-24FAF2F40A4C}.Release|x64.Build.0 = Release|Any CPU
		{156D7F9D-1243-4EDB-9E45-24FAF2F40A4C}.Release|x86.ActiveCfg = Release|Any CPU
		{156D7F9D-1243-4EDB-9E45-24FAF2F40A4C}.Release|x86.Build.0 = Release|Any CPU
		{8CB19B88-8904-49E8-9C0C-AEDC01679864}.Debug|Any CPU.ActiveCfg = Debug|Any CPU
		{8CB19B88-8904-49E8-9C0C-AEDC01679864}.Debug|Any CPU.Build.0 = Debug|Any CPU
		{8CB19B88-8904-49E8-9C0C-AEDC01679864}.Debug|x64.ActiveCfg = Debug|Any CPU
		{8CB19B88-8904-49E8-9C0C-AEDC01679864}.Debug|x64.Build.0 = Debug|Any CPU
		{8CB19B88-8904-49E8-9C0C-AEDC01679864}.Debug|x86.ActiveCfg = Debug|Any CPU
		{8CB19B88-8904-49E8-9C0C-AEDC01679864}.Debug|x86.Build.0 = Debug|Any CPU
		{8CB19B88-8904-49E8-9C0C-AEDC01679864}.Release|Any CPU.ActiveCfg = Release|Any CPU
		{8CB19B88-8904-49E8-9C0C-AEDC01679864}.Release|Any CPU.Build.0 = Release|Any CPU
		{8CB19B88-8904-49E8-9C0C-AEDC01679864}.Release|x64.ActiveCfg = Release|Any CPU
		{8CB19B88-8904-49E8-9C0C-AEDC01679864}.Release|x64.Build.0 = Release|Any CPU
		{8CB19B88-8904-49E8-9C0C-AEDC01679864}.Release|x86.ActiveCfg = Release|Any CPU
		{8CB19B88-8904-49E8-9C0C-AEDC01679864}.Release|x86.Build.0 = Release|Any CPU
		{784707D6-5B32-4D5F-8908-4D1ACEE3F60C}.Debug|Any CPU.ActiveCfg = Debug|Any CPU
		{784707D6-5B32-4D5F-8908-4D1ACEE3F60C}.Debug|Any CPU.Build.0 = Debug|Any CPU
		{784707D6-5B32-4D5F-8908-4D1ACEE3F60C}.Debug|x64.ActiveCfg = Debug|Any CPU
		{784707D6-5B32-4D5F-8908-4D1ACEE3F60C}.Debug|x64.Build.0 = Debug|Any CPU
		{784707D6-5B32-4D5F-8908-4D1ACEE3F60C}.Debug|x86.ActiveCfg = Debug|Any CPU
		{784707D6-5B32-4D5F-8908-4D1ACEE3F60C}.Debug|x86.Build.0 = Debug|Any CPU
		{784707D6-5B32-4D5F-8908-4D1ACEE3F60C}.Release|Any CPU.ActiveCfg = Release|Any CPU
		{784707D6-5B32-4D5F-8908-4D1ACEE3F60C}.Release|Any CPU.Build.0 = Release|Any CPU
		{784707D6-5B32-4D5F-8908-4D1ACEE3F60C}.Release|x64.ActiveCfg = Release|Any CPU
		{784707D6-5B32-4D5F-8908-4D1ACEE3F60C}.Release|x64.Build.0 = Release|Any CPU
		{784707D6-5B32-4D5F-8908-4D1ACEE3F60C}.Release|x86.ActiveCfg = Release|Any CPU
		{784707D6-5B32-4D5F-8908-4D1ACEE3F60C}.Release|x86.Build.0 = Release|Any CPU
		{EB230183-E335-412C-94F1-70ADFB6CEE41}.Debug|Any CPU.ActiveCfg = Debug|Any CPU
		{EB230183-E335-412C-94F1-70ADFB6CEE41}.Debug|Any CPU.Build.0 = Debug|Any CPU
		{EB230183-E335-412C-94F1-70ADFB6CEE41}.Debug|x64.ActiveCfg = Debug|Any CPU
		{EB230183-E335-412C-94F1-70ADFB6CEE41}.Debug|x64.Build.0 = Debug|Any CPU
		{EB230183-E335-412C-94F1-70ADFB6CEE41}.Debug|x86.ActiveCfg = Debug|Any CPU
		{EB230183-E335-412C-94F1-70ADFB6CEE41}.Debug|x86.Build.0 = Debug|Any CPU
		{EB230183-E335-412C-94F1-70ADFB6CEE41}.Release|Any CPU.ActiveCfg = Release|Any CPU
		{EB230183-E335-412C-94F1-70ADFB6CEE41}.Release|Any CPU.Build.0 = Release|Any CPU
		{EB230183-E335-412C-94F1-70ADFB6CEE41}.Release|x64.ActiveCfg = Release|Any CPU
		{EB230183-E335-412C-94F1-70ADFB6CEE41}.Release|x64.Build.0 = Release|Any CPU
		{EB230183-E335-412C-94F1-70ADFB6CEE41}.Release|x86.ActiveCfg = Release|Any CPU
		{EB230183-E335-412C-94F1-70ADFB6CEE41}.Release|x86.Build.0 = Release|Any CPU
		{E78E8977-BAFA-47AA-B8DD-BDCD293CEE86}.Debug|Any CPU.ActiveCfg = Debug|Any CPU
		{E78E8977-BAFA-47AA-B8DD-BDCD293CEE86}.Debug|Any CPU.Build.0 = Debug|Any CPU
		{E78E8977-BAFA-47AA-B8DD-BDCD293CEE86}.Debug|x64.ActiveCfg = Debug|Any CPU
		{E78E8977-BAFA-47AA-B8DD-BDCD293CEE86}.Debug|x64.Build.0 = Debug|Any CPU
		{E78E8977-BAFA-47AA-B8DD-BDCD293CEE86}.Debug|x86.ActiveCfg = Debug|Any CPU
		{E78E8977-BAFA-47AA-B8DD-BDCD293CEE86}.Debug|x86.Build.0 = Debug|Any CPU
		{E78E8977-BAFA-47AA-B8DD-BDCD293CEE86}.Release|Any CPU.ActiveCfg = Release|Any CPU
		{E78E8977-BAFA-47AA-B8DD-BDCD293CEE86}.Release|Any CPU.Build.0 = Release|Any CPU
		{E78E8977-BAFA-47AA-B8DD-BDCD293CEE86}.Release|x64.ActiveCfg = Release|Any CPU
		{E78E8977-BAFA-47AA-B8DD-BDCD293CEE86}.Release|x64.Build.0 = Release|Any CPU
		{E78E8977-BAFA-47AA-B8DD-BDCD293CEE86}.Release|x86.ActiveCfg = Release|Any CPU
		{E78E8977-BAFA-47AA-B8DD-BDCD293CEE86}.Release|x86.Build.0 = Release|Any CPU
		{0872BB12-3BEE-4E3D-9697-AE3B023E7707}.Debug|Any CPU.ActiveCfg = Debug|Any CPU
		{0872BB12-3BEE-4E3D-9697-AE3B023E7707}.Debug|Any CPU.Build.0 = Debug|Any CPU
		{0872BB12-3BEE-4E3D-9697-AE3B023E7707}.Debug|x64.ActiveCfg = Debug|Any CPU
		{0872BB12-3BEE-4E3D-9697-AE3B023E7707}.Debug|x64.Build.0 = Debug|Any CPU
		{0872BB12-3BEE-4E3D-9697-AE3B023E7707}.Debug|x86.ActiveCfg = Debug|Any CPU
		{0872BB12-3BEE-4E3D-9697-AE3B023E7707}.Debug|x86.Build.0 = Debug|Any CPU
		{0872BB12-3BEE-4E3D-9697-AE3B023E7707}.Release|Any CPU.ActiveCfg = Release|Any CPU
		{0872BB12-3BEE-4E3D-9697-AE3B023E7707}.Release|Any CPU.Build.0 = Release|Any CPU
		{0872BB12-3BEE-4E3D-9697-AE3B023E7707}.Release|x64.ActiveCfg = Release|Any CPU
		{0872BB12-3BEE-4E3D-9697-AE3B023E7707}.Release|x64.Build.0 = Release|Any CPU
		{0872BB12-3BEE-4E3D-9697-AE3B023E7707}.Release|x86.ActiveCfg = Release|Any CPU
		{0872BB12-3BEE-4E3D-9697-AE3B023E7707}.Release|x86.Build.0 = Release|Any CPU
		{CB108602-E69B-4FA1-922A-096A4D1F349F}.Debug|Any CPU.ActiveCfg = Debug|Any CPU
		{CB108602-E69B-4FA1-922A-096A4D1F349F}.Debug|Any CPU.Build.0 = Debug|Any CPU
		{CB108602-E69B-4FA1-922A-096A4D1F349F}.Debug|x64.ActiveCfg = Debug|Any CPU
		{CB108602-E69B-4FA1-922A-096A4D1F349F}.Debug|x64.Build.0 = Debug|Any CPU
		{CB108602-E69B-4FA1-922A-096A4D1F349F}.Debug|x86.ActiveCfg = Debug|Any CPU
		{CB108602-E69B-4FA1-922A-096A4D1F349F}.Debug|x86.Build.0 = Debug|Any CPU
		{CB108602-E69B-4FA1-922A-096A4D1F349F}.Release|Any CPU.ActiveCfg = Release|Any CPU
		{CB108602-E69B-4FA1-922A-096A4D1F349F}.Release|Any CPU.Build.0 = Release|Any CPU
		{CB108602-E69B-4FA1-922A-096A4D1F349F}.Release|x64.ActiveCfg = Release|Any CPU
		{CB108602-E69B-4FA1-922A-096A4D1F349F}.Release|x64.Build.0 = Release|Any CPU
		{CB108602-E69B-4FA1-922A-096A4D1F349F}.Release|x86.ActiveCfg = Release|Any CPU
		{CB108602-E69B-4FA1-922A-096A4D1F349F}.Release|x86.Build.0 = Release|Any CPU
		{46D17E02-1458-4F25-B36E-3DD5283D5D1B}.Debug|Any CPU.ActiveCfg = Debug|Any CPU
		{46D17E02-1458-4F25-B36E-3DD5283D5D1B}.Debug|Any CPU.Build.0 = Debug|Any CPU
		{46D17E02-1458-4F25-B36E-3DD5283D5D1B}.Debug|x64.ActiveCfg = Debug|Any CPU
		{46D17E02-1458-4F25-B36E-3DD5283D5D1B}.Debug|x64.Build.0 = Debug|Any CPU
		{46D17E02-1458-4F25-B36E-3DD5283D5D1B}.Debug|x86.ActiveCfg = Debug|Any CPU
		{46D17E02-1458-4F25-B36E-3DD5283D5D1B}.Debug|x86.Build.0 = Debug|Any CPU
		{46D17E02-1458-4F25-B36E-3DD5283D5D1B}.Release|Any CPU.ActiveCfg = Release|Any CPU
		{46D17E02-1458-4F25-B36E-3DD5283D5D1B}.Release|Any CPU.Build.0 = Release|Any CPU
		{46D17E02-1458-4F25-B36E-3DD5283D5D1B}.Release|x64.ActiveCfg = Release|Any CPU
		{46D17E02-1458-4F25-B36E-3DD5283D5D1B}.Release|x64.Build.0 = Release|Any CPU
		{46D17E02-1458-4F25-B36E-3DD5283D5D1B}.Release|x86.ActiveCfg = Release|Any CPU
		{46D17E02-1458-4F25-B36E-3DD5283D5D1B}.Release|x86.Build.0 = Release|Any CPU
		{12D2ED89-3E3B-4770-9CD8-4413849F177B}.Debug|Any CPU.ActiveCfg = Debug|Any CPU
		{12D2ED89-3E3B-4770-9CD8-4413849F177B}.Debug|Any CPU.Build.0 = Debug|Any CPU
		{12D2ED89-3E3B-4770-9CD8-4413849F177B}.Debug|x64.ActiveCfg = Debug|Any CPU
		{12D2ED89-3E3B-4770-9CD8-4413849F177B}.Debug|x64.Build.0 = Debug|Any CPU
		{12D2ED89-3E3B-4770-9CD8-4413849F177B}.Debug|x86.ActiveCfg = Debug|Any CPU
		{12D2ED89-3E3B-4770-9CD8-4413849F177B}.Debug|x86.Build.0 = Debug|Any CPU
		{12D2ED89-3E3B-4770-9CD8-4413849F177B}.Release|Any CPU.ActiveCfg = Release|Any CPU
		{12D2ED89-3E3B-4770-9CD8-4413849F177B}.Release|Any CPU.Build.0 = Release|Any CPU
		{12D2ED89-3E3B-4770-9CD8-4413849F177B}.Release|x64.ActiveCfg = Release|Any CPU
		{12D2ED89-3E3B-4770-9CD8-4413849F177B}.Release|x64.Build.0 = Release|Any CPU
		{12D2ED89-3E3B-4770-9CD8-4413849F177B}.Release|x86.ActiveCfg = Release|Any CPU
		{12D2ED89-3E3B-4770-9CD8-4413849F177B}.Release|x86.Build.0 = Release|Any CPU
	EndGlobalSection
	GlobalSection(SolutionProperties) = preSolution
		HideSolutionNode = FALSE
	EndGlobalSection
	GlobalSection(ExtensibilityGlobals) = postSolution
		SolutionGuid = {122ED3E4-C074-4C52-AFDB-8BA4B41D5B1A}
	EndGlobalSection
EndGlobal
